
Microsoft Visual Studio Solution File, Format Version 12.00
Project("{FAE04EC0-301F-11D3-BF4B-00C04F79EFBC}") = "KBot", "KBot\KBot.csproj", "{08341DEA-7D14-48E0-81ED-86866B2EB5DC}"
EndProject
Global
	GlobalSection(SolutionConfigurationPlatforms) = preSolution
		Debug|Any CPU = Debug|Any CPU
		Release|Any CPU = Release|Any CPU
	EndGlobalSection
	GlobalSection(ProjectConfigurationPlatforms) = postSolution
		{08341DEA-7D14-48E0-81ED-86866B2EB5DC}.Debug|Any CPU.ActiveCfg = Debug|Any CPU
		{08341DEA-7D14-48E0-81ED-86866B2EB5DC}.Debug|Any CPU.Build.0 = Debug|Any CPU
		{08341DEA-7D14-48E0-81ED-86866B2EB5DC}.Release|Any CPU.ActiveCfg = Release|Any CPU
		{08341DEA-7D14-48E0-81ED-86866B2EB5DC}.Release|Any CPU.Build.0 = Release|Any CPU
	EndGlobalSection
EndGlobal
